// !$*UTF8*$!
{
	archiveVersion = 1;
	classes = {
	};
	objectVersion = 56;
	objects = {

/* Begin PBXBuildFile section */
		C6B23EA52B56F32500455560 /* We_Go_GymApp.swift in Sources */ = {isa = PBXBuildFile; fileRef = C6B23EA42B56F32500455560 /* We_Go_GymApp.swift */; };
		C6B23EA72B56F32500455560 /* ContentView.swift in Sources */ = {isa = PBXBuildFile; fileRef = C6B23EA62B56F32500455560 /* ContentView.swift */; };
		C6B23EA92B56F32600455560 /* Assets.xcassets in Resources */ = {isa = PBXBuildFile; fileRef = C6B23EA82B56F32600455560 /* Assets.xcassets */; };
		C6B23EAC2B56F32600455560 /* Preview Assets.xcassets in Resources */ = {isa = PBXBuildFile; fileRef = C6B23EAB2B56F32600455560 /* Preview Assets.xcassets */; };
		C6B23EB62B56F32600455560 /* We_Go_GymTests.swift in Sources */ = {isa = PBXBuildFile; fileRef = C6B23EB52B56F32600455560 /* We_Go_GymTests.swift */; };
		C6B23EC02B56F32600455560 /* We_Go_GymUITests.swift in Sources */ = {isa = PBXBuildFile; fileRef = C6B23EBF2B56F32600455560 /* We_Go_GymUITests.swift */; };
		C6B23EC22B56F32600455560 /* We_Go_GymUITestsLaunchTests.swift in Sources */ = {isa = PBXBuildFile; fileRef = C6B23EC12B56F32600455560 /* We_Go_GymUITestsLaunchTests.swift */; };
/* End PBXBuildFile section */

/* Begin PBXContainerItemProxy section */
		C6B23EB22B56F32600455560 /* PBXContainerItemProxy */ = {
			isa = PBXContainerItemProxy;
			containerPortal = C6B23E992B56F32500455560 /* Project object */;
			proxyType = 1;
			remoteGlobalIDString = C6B23EA02B56F32500455560;
			remoteInfo = "We Go Gym";
		};
		C6B23EBC2B56F32600455560 /* PBXContainerItemProxy */ = {
			isa = PBXContainerItemProxy;
			containerPortal = C6B23E992B56F32500455560 /* Project object */;
			proxyType = 1;
			remoteGlobalIDString = C6B23EA02B56F32500455560;
			remoteInfo = "We Go Gym";
		};
/* End PBXContainerItemProxy section */

/* Begin PBXFileReference section */
		C6B23EA12B56F32500455560 /* We Go Gym.app */ = {isa = PBXFileReference; explicitFileType = wrapper.application; includeInIndex = 0; path = "We Go Gym.app"; sourceTree = BUILT_PRODUCTS_DIR; };
		C6B23EA42B56F32500455560 /* We_Go_GymApp.swift */ = {isa = PBXFileReference; lastKnownFileType = sourcecode.swift; path = We_Go_GymApp.swift; sourceTree = "<group>"; };
		C6B23EA62B56F32500455560 /* ContentView.swift */ = {isa = PBXFileReference; lastKnownFileType = sourcecode.swift; path = ContentView.swift; sourceTree = "<group>"; };
		C6B23EA82B56F32600455560 /* Assets.xcassets */ = {isa = PBXFileReference; lastKnownFileType = folder.assetcatalog; path = Assets.xcassets; sourceTree = "<group>"; };
		C6B23EAB2B56F32600455560 /* Preview Assets.xcassets */ = {isa = PBXFileReference; lastKnownFileType = folder.assetcatalog; path = "Preview Assets.xcassets"; sourceTree = "<group>"; };
		C6B23EB12B56F32600455560 /* We Go GymTests.xctest */ = {isa = PBXFileReference; explicitFileType = wrapper.cfbundle; includeInIndex = 0; path = "We Go GymTests.xctest"; sourceTree = BUILT_PRODUCTS_DIR; };
		C6B23EB52B56F32600455560 /* We_Go_GymTests.swift */ = {isa = PBXFileReference; lastKnownFileType = sourcecode.swift; path = We_Go_GymTests.swift; sourceTree = "<group>"; };
		C6B23EBB2B56F32600455560 /* We Go GymUITests.xctest */ = {isa = PBXFileReference; explicitFileType = wrapper.cfbundle; includeInIndex = 0; path = "We Go GymUITests.xctest"; sourceTree = BUILT_PRODUCTS_DIR; };
		C6B23EBF2B56F32600455560 /* We_Go_GymUITests.swift */ = {isa = PBXFileReference; lastKnownFileType = sourcecode.swift; path = We_Go_GymUITests.swift; sourceTree = "<group>"; };
		C6B23EC12B56F32600455560 /* We_Go_GymUITestsLaunchTests.swift */ = {isa = PBXFileReference; lastKnownFileType = sourcecode.swift; path = We_Go_GymUITestsLaunchTests.swift; sourceTree = "<group>"; };
/* End PBXFileReference section */

/* Begin PBXFrameworksBuildPhase section */
		C6B23E9E2B56F32500455560 /* Frameworks */ = {
			isa = PBXFrameworksBuildPhase;
			buildActionMask = 2147483647;
			files = (
			);
			runOnlyForDeploymentPostprocessing = 0;
		};
		C6B23EAE2B56F32600455560 /* Frameworks */ = {
			isa = PBXFrameworksBuildPhase;
			buildActionMask = 2147483647;
			files = (
			);
			runOnlyForDeploymentPostprocessing = 0;
		};
		C6B23EB82B56F32600455560 /* Frameworks */ = {
			isa = PBXFrameworksBuildPhase;
			buildActionMask = 2147483647;
			files = (
			);
			runOnlyForDeploymentPostprocessing = 0;
		};
/* End PBXFrameworksBuildPhase section */

/* Begin PBXGroup section */
		C6B23E982B56F32500455560 = {
			isa = PBXGroup;
			children = (
				C6B23EA32B56F32500455560 /* We Go Gym */,
				C6B23EB42B56F32600455560 /* We Go GymTests */,
				C6B23EBE2B56F32600455560 /* We Go GymUITests */,
				C6B23EA22B56F32500455560 /* Products */,
			);
			sourceTree = "<group>";
		};
		C6B23EA22B56F32500455560 /* Products */ = {
			isa = PBXGroup;
			children = (
				C6B23EA12B56F32500455560 /* We Go Gym.app */,
				C6B23EB12B56F32600455560 /* We Go GymTests.xctest */,
				C6B23EBB2B56F32600455560 /* We Go GymUITests.xctest */,
			);
			name = Products;
			sourceTree = "<group>";
		};
		C6B23EA32B56F32500455560 /* We Go Gym */ = {
			isa = PBXGroup;
			children = (
				C6B23EA42B56F32500455560 /* We_Go_GymApp.swift */,
				C6B23EA62B56F32500455560 /* ContentView.swift */,
				C6B23EA82B56F32600455560 /* Assets.xcassets */,
				C6B23EAA2B56F32600455560 /* Preview Content */,
			);
			path = "We Go Gym";
			sourceTree = "<group>";
		};
		C6B23EAA2B56F32600455560 /* Preview Content */ = {
			isa = PBXGroup;
			children = (
				C6B23EAB2B56F32600455560 /* Preview Assets.xcassets */,
			);
			path = "Preview Content";
			sourceTree = "<group>";
		};
		C6B23EB42B56F32600455560 /* We Go GymTests */ = {
			isa = PBXGroup;
			children = (
				C6B23EB52B56F32600455560 /* We_Go_GymTests.swift */,
			);
			path = "We Go GymTests";
			sourceTree = "<group>";
		};
		C6B23EBE2B56F32600455560 /* We Go GymUITests */ = {
			isa = PBXGroup;
			children = (
				C6B23EBF2B56F32600455560 /* We_Go_GymUITests.swift */,
				C6B23EC12B56F32600455560 /* We_Go_GymUITestsLaunchTests.swift */,
			);
			path = "We Go GymUITests";
			sourceTree = "<group>";
		};
/* End PBXGroup section */

/* Begin PBXNativeTarget section */
		C6B23EA02B56F32500455560 /* We Go Gym */ = {
			isa = PBXNativeTarget;
			buildConfigurationList = C6B23EC52B56F32600455560 /* Build configuration list for PBXNativeTarget "We Go Gym" */;
			buildPhases = (
				C6B23E9D2B56F32500455560 /* Sources */,
				C6B23E9E2B56F32500455560 /* Frameworks */,
				C6B23E9F2B56F32500455560 /* Resources */,
			);
			buildRules = (
			);
			dependencies = (
			);
			name = "We Go Gym";
			productName = "We Go Gym";
			productReference = C6B23EA12B56F32500455560 /* We Go Gym.app */;
			productType = "com.apple.product-type.application";
		};
		C6B23EB02B56F32600455560 /* We Go GymTests */ = {
			isa = PBXNativeTarget;
			buildConfigurationList = C6B23EC82B56F32600455560 /* Build configuration list for PBXNativeTarget "We Go GymTests" */;
			buildPhases = (
				C6B23EAD2B56F32600455560 /* Sources */,
				C6B23EAE2B56F32600455560 /* Frameworks */,
				C6B23EAF2B56F32600455560 /* Resources */,
			);
			buildRules = (
			);
			dependencies = (
				C6B23EB32B56F32600455560 /* PBXTargetDependency */,
			);
			name = "We Go GymTests";
			productName = "We Go GymTests";
			productReference = C6B23EB12B56F32600455560 /* We Go GymTests.xctest */;
			productType = "com.apple.product-type.bundle.unit-test";
		};
		C6B23EBA2B56F32600455560 /* We Go GymUITests */ = {
			isa = PBXNativeTarget;
			buildConfigurationList = C6B23ECB2B56F32600455560 /* Build configuration list for PBXNativeTarget "We Go GymUITests" */;
			buildPhases = (
				C6B23EB72B56F32600455560 /* Sources */,
				C6B23EB82B56F32600455560 /* Frameworks */,
				C6B23EB92B56F32600455560 /* Resources */,
			);
			buildRules = (
			);
			dependencies = (
				C6B23EBD2B56F32600455560 /* PBXTargetDependency */,
			);
			name = "We Go GymUITests";
			productName = "We Go GymUITests";
			productReference = C6B23EBB2B56F32600455560 /* We Go GymUITests.xctest */;
			productType = "com.apple.product-type.bundle.ui-testing";
		};
/* End PBXNativeTarget section */

/* Begin PBXProject section */
		C6B23E992B56F32500455560 /* Project object */ = {
			isa = PBXProject;
			attributes = {
				BuildIndependentTargetsInParallel = 1;
				LastSwiftUpdateCheck = 1520;
				LastUpgradeCheck = 1520;
				TargetAttributes = {
					C6B23EA02B56F32500455560 = {
						CreatedOnToolsVersion = 15.2;
					};
					C6B23EB02B56F32600455560 = {
						CreatedOnToolsVersion = 15.2;
						TestTargetID = C6B23EA02B56F32500455560;
					};
					C6B23EBA2B56F32600455560 = {
						CreatedOnToolsVersion = 15.2;
						TestTargetID = C6B23EA02B56F32500455560;
					};
				};
			};
			buildConfigurationList = C6B23E9C2B56F32500455560 /* Build configuration list for PBXProject "We Go Gym" */;
			compatibilityVersion = "Xcode 14.0";
			developmentRegion = en;
			hasScannedForEncodings = 0;
			knownRegions = (
				en,
				Base,
			);
			mainGroup = C6B23E982B56F32500455560;
			productRefGroup = C6B23EA22B56F32500455560 /* Products */;
			projectDirPath = "";
			projectRoot = "";
			targets = (
				C6B23EA02B56F32500455560 /* We Go Gym */,
				C6B23EB02B56F32600455560 /* We Go GymTests */,
				C6B23EBA2B56F32600455560 /* We Go GymUITests */,
			);
		};
/* End PBXProject section */

/* Begin PBXResourcesBuildPhase section */
		C6B23E9F2B56F32500455560 /* Resources */ = {
			isa = PBXResourcesBuildPhase;
			buildActionMask = 2147483647;
			files = (
				C6B23EAC2B56F32600455560 /* Preview Assets.xcassets in Resources */,
				C6B23EA92B56F32600455560 /* Assets.xcassets in Resources */,
			);
			runOnlyForDeploymentPostprocessing = 0;
		};
		C6B23EAF2B56F32600455560 /* Resources */ = {
			isa = PBXResourcesBuildPhase;
			buildActionMask = 2147483647;
			files = (
			);
			runOnlyForDeploymentPostprocessing = 0;
		};
		C6B23EB92B56F32600455560 /* Resources */ = {
			isa = PBXResourcesBuildPhase;
			buildActionMask = 2147483647;
			files = (
			);
			runOnlyForDeploymentPostprocessing = 0;
		};
/* End PBXResourcesBuildPhase section */

/* Begin PBXSourcesBuildPhase section */
		C6B23E9D2B56F32500455560 /* Sources */ = {
			isa = PBXSourcesBuildPhase;
			buildActionMask = 2147483647;
			files = (
				C6B23EA72B56F32500455560 /* ContentView.swift in Sources */,
				C6B23EA52B56F32500455560 /* We_Go_GymApp.swift in Sources */,
			);
			runOnlyForDeploymentPostprocessing = 0;
		};
		C6B23EAD2B56F32600455560 /* Sources */ = {
			isa = PBXSourcesBuildPhase;
			buildActionMask = 2147483647;
			files = (
				C6B23EB62B56F32600455560 /* We_Go_GymTests.swift in Sources */,
			);
			runOnlyForDeploymentPostprocessing = 0;
		};
		C6B23EB72B56F32600455560 /* Sources */ = {
			isa = PBXSourcesBuildPhase;
			buildActionMask = 2147483647;
			files = (
				C6B23EC22B56F32600455560 /* We_Go_GymUITestsLaunchTests.swift in Sources */,
				C6B23EC02B56F32600455560 /* We_Go_GymUITests.swift in Sources */,
			);
			runOnlyForDeploymentPostprocessing = 0;
		};
/* End PBXSourcesBuildPhase section */

/* Begin PBXTargetDependency section */
		C6B23EB32B56F32600455560 /* PBXTargetDependency */ = {
			isa = PBXTargetDependency;
			target = C6B23EA02B56F32500455560 /* We Go Gym */;
			targetProxy = C6B23EB22B56F32600455560 /* PBXContainerItemProxy */;
		};
		C6B23EBD2B56F32600455560 /* PBXTargetDependency */ = {
			isa = PBXTargetDependency;
			target = C6B23EA02B56F32500455560 /* We Go Gym */;
			targetProxy = C6B23EBC2B56F32600455560 /* PBXContainerItemProxy */;
		};
/* End PBXTargetDependency section */

/* Begin XCBuildConfiguration section */
		C6B23EC32B56F32600455560 /* Debug */ = {
			isa = XCBuildConfiguration;
			buildSettings = {
				ALWAYS_SEARCH_USER_PATHS = NO;
				ASSETCATALOG_COMPILER_GENERATE_SWIFT_ASSET_SYMBOL_EXTENSIONS = YES;
				CLANG_ANALYZER_NONNULL = YES;
				CLANG_ANALYZER_NUMBER_OBJECT_CONVERSION = YES_AGGRESSIVE;
				CLANG_CXX_LANGUAGE_STANDARD = "gnu++20";
				CLANG_ENABLE_MODULES = YES;
				CLANG_ENABLE_OBJC_ARC = YES;
				CLANG_ENABLE_OBJC_WEAK = YES;
				CLANG_WARN_BLOCK_CAPTURE_AUTORELEASING = YES;
				CLANG_WARN_BOOL_CONVERSION = YES;
				CLANG_WARN_COMMA = YES;
				CLANG_WARN_CONSTANT_CONVERSION = YES;
				CLANG_WARN_DEPRECATED_OBJC_IMPLEMENTATIONS = YES;
				CLANG_WARN_DIRECT_OBJC_ISA_USAGE = YES_ERROR;
				CLANG_WARN_DOCUMENTATION_COMMENTS = YES;
				CLANG_WARN_EMPTY_BODY = YES;
				CLANG_WARN_ENUM_CONVERSION = YES;
				CLANG_WARN_INFINITE_RECURSION = YES;
				CLANG_WARN_INT_CONVERSION = YES;
				CLANG_WARN_NON_LITERAL_NULL_CONVERSION = YES;
				CLANG_WARN_OBJC_IMPLICIT_RETAIN_SELF = YES;
				CLANG_WARN_OBJC_LITERAL_CONVERSION = YES;
				CLANG_WARN_OBJC_ROOT_CLASS = YES_ERROR;
				CLANG_WARN_QUOTED_INCLUDE_IN_FRAMEWORK_HEADER = YES;
				CLANG_WARN_RANGE_LOOP_ANALYSIS = YES;
				CLANG_WARN_STRICT_PROTOTYPES = YES;
				CLANG_WARN_SUSPICIOUS_MOVE = YES;
				CLANG_WARN_UNGUARDED_AVAILABILITY = YES_AGGRESSIVE;
				CLANG_WARN_UNREACHABLE_CODE = YES;
				CLANG_WARN__DUPLICATE_METHOD_MATCH = YES;
				COPY_PHASE_STRIP = NO;
				DEBUG_INFORMATION_FORMAT = dwarf;
				ENABLE_STRICT_OBJC_MSGSEND = YES;
				ENABLE_TESTABILITY = YES;
				ENABLE_USER_SCRIPT_SANDBOXING = YES;
				GCC_C_LANGUAGE_STANDARD = gnu17;
				GCC_DYNAMIC_NO_PIC = NO;
				GCC_NO_COMMON_BLOCKS = YES;
				GCC_OPTIMIZATION_LEVEL = 0;
				GCC_PREPROCESSOR_DEFINITIONS = (
					"DEBUG=1",
					"$(inherited)",
				);
				GCC_WARN_64_TO_32_BIT_CONVERSION = YES;
				GCC_WARN_ABOUT_RETURN_TYPE = YES_ERROR;
				GCC_WARN_UNDECLARED_SELECTOR = YES;
				GCC_WARN_UNINITIALIZED_AUTOS = YES_AGGRESSIVE;
				GCC_WARN_UNUSED_FUNCTION = YES;
				GCC_WARN_UNUSED_VARIABLE = YES;
				IPHONEOS_DEPLOYMENT_TARGET = 17.2;
				LOCALIZATION_PREFERS_STRING_CATALOGS = YES;
				MTL_ENABLE_DEBUG_INFO = INCLUDE_SOURCE;
				MTL_FAST_MATH = YES;
				ONLY_ACTIVE_ARCH = YES;
				SDKROOT = iphoneos;
				SWIFT_ACTIVE_COMPILATION_CONDITIONS = "DEBUG $(inherited)";
				SWIFT_OPTIMIZATION_LEVEL = "-Onone";
			};
			name = Debug;
		};
		C6B23EC42B56F32600455560 /* Release */ = {
			isa = XCBuildConfiguration;
			buildSettings = {
				ALWAYS_SEARCH_USER_PATHS = NO;
				ASSETCATALOG_COMPILER_GENERATE_SWIFT_ASSET_SYMBOL_EXTENSIONS = YES;
				CLANG_ANALYZER_NONNULL = YES;
				CLANG_ANALYZER_NUMBER_OBJECT_CONVERSION = YES_AGGRESSIVE;
				CLANG_CXX_LANGUAGE_STANDARD = "gnu++20";
				CLANG_ENABLE_MODULES = YES;
				CLANG_ENABLE_OBJC_ARC = YES;
				CLANG_ENABLE_OBJC_WEAK = YES;
				CLANG_WARN_BLOCK_CAPTURE_AUTORELEASING = YES;
				CLANG_WARN_BOOL_CONVERSION = YES;
				CLANG_WARN_COMMA = YES;
				CLANG_WARN_CONSTANT_CONVERSION = YES;
				CLANG_WARN_DEPRECATED_OBJC_IMPLEMENTATIONS = YES;
				CLANG_WARN_DIRECT_OBJC_ISA_USAGE = YES_ERROR;
				CLANG_WARN_DOCUMENTATION_COMMENTS = YES;
				CLANG_WARN_EMPTY_BODY = YES;
				CLANG_WARN_ENUM_CONVERSION = YES;
				CLANG_WARN_INFINITE_RECURSION = YES;
				CLANG_WARN_INT_CONVERSION = YES;
				CLANG_WARN_NON_LITERAL_NULL_CONVERSION = YES;
				CLANG_WARN_OBJC_IMPLICIT_RETAIN_SELF = YES;
				CLANG_WARN_OBJC_LITERAL_CONVERSION = YES;
				CLANG_WARN_OBJC_ROOT_CLASS = YES_ERROR;
				CLANG_WARN_QUOTED_INCLUDE_IN_FRAMEWORK_HEADER = YES;
				CLANG_WARN_RANGE_LOOP_ANALYSIS = YES;
				CLANG_WARN_STRICT_PROTOTYPES = YES;
				CLANG_WARN_SUSPICIOUS_MOVE = YES;
				CLANG_WARN_UNGUARDED_AVAILABILITY = YES_AGGRESSIVE;
				CLANG_WARN_UNREACHABLE_CODE = YES;
				CLANG_WARN__DUPLICATE_METHOD_MATCH = YES;
				COPY_PHASE_STRIP = NO;
				DEBUG_INFORMATION_FORMAT = "dwarf-with-dsym";
				ENABLE_NS_ASSERTIONS = NO;
				ENABLE_STRICT_OBJC_MSGSEND = YES;
				ENABLE_USER_SCRIPT_SANDBOXING = YES;
				GCC_C_LANGUAGE_STANDARD = gnu17;
				GCC_NO_COMMON_BLOCKS = YES;
				GCC_WARN_64_TO_32_BIT_CONVERSION = YES;
				GCC_WARN_ABOUT_RETURN_TYPE = YES_ERROR;
				GCC_WARN_UNDECLARED_SELECTOR = YES;
				GCC_WARN_UNINITIALIZED_AUTOS = YES_AGGRESSIVE;
				GCC_WARN_UNUSED_FUNCTION = YES;
				GCC_WARN_UNUSED_VARIABLE = YES;
				IPHONEOS_DEPLOYMENT_TARGET = 17.2;
				LOCALIZATION_PREFERS_STRING_CATALOGS = YES;
				MTL_ENABLE_DEBUG_INFO = NO;
				MTL_FAST_MATH = YES;
				SDKROOT = iphoneos;
				SWIFT_COMPILATION_MODE = wholemodule;
				VALIDATE_PRODUCT = YES;
			};
			name = Release;
		};
		C6B23EC62B56F32600455560 /* Debug */ = {
			isa = XCBuildConfiguration;
			buildSettings = {
				ASSETCATALOG_COMPILER_APPICON_NAME = AppIcon;
				ASSETCATALOG_COMPILER_GLOBAL_ACCENT_COLOR_NAME = AccentColor;
				CODE_SIGN_STYLE = Automatic;
				CURRENT_PROJECT_VERSION = 1;
				DEVELOPMENT_ASSET_PATHS = "\"We Go Gym/Preview Content\"";
				ENABLE_PREVIEWS = YES;
				GENERATE_INFOPLIST_FILE = YES;
				INFOPLIST_KEY_UIApplicationSceneManifest_Generation = YES;
				INFOPLIST_KEY_UIApplicationSupportsIndirectInputEvents = YES;
				INFOPLIST_KEY_UILaunchScreen_Generation = YES;
				INFOPLIST_KEY_UISupportedInterfaceOrientations_iPad = "UIInterfaceOrientationPortrait UIInterfaceOrientationPortraitUpsideDown UIInterfaceOrientationLandscapeLeft UIInterfaceOrientationLandscapeRight";
				INFOPLIST_KEY_UISupportedInterfaceOrientations_iPhone = "UIInterfaceOrientationPortrait UIInterfaceOrientationLandscapeLeft UIInterfaceOrientationLandscapeRight";
				LD_RUNPATH_SEARCH_PATHS = (
					"$(inherited)",
					"@executable_path/Frameworks",
				);
				MARKETING_VERSION = 1.0;
				PRODUCT_BUNDLE_IDENTIFIER = "ca.troyparsons.We-Go-Gym";
				PRODUCT_NAME = "$(TARGET_NAME)";
				SWIFT_EMIT_LOC_STRINGS = YES;
				SWIFT_VERSION = 5.0;
				TARGETED_DEVICE_FAMILY = "1,2";
			};
			name = Debug;
		};
		C6B23EC72B56F32600455560 /* Release */ = {
			isa = XCBuildConfiguration;
			buildSettings = {
				ASSETCATALOG_COMPILER_APPICON_NAME = AppIcon;
				ASSETCATALOG_COMPILER_GLOBAL_ACCENT_COLOR_NAME = AccentColor;
				CODE_SIGN_STYLE = Automatic;
				CURRENT_PROJECT_VERSION = 1;
				DEVELOPMENT_ASSET_PATHS = "\"We Go Gym/Preview Content\"";
				ENABLE_PREVIEWS = YES;
				GENERATE_INFOPLIST_FILE = YES;
				INFOPLIST_KEY_UIApplicationSceneManifest_Generation = YES;
				INFOPLIST_KEY_UIApplicationSupportsIndirectInputEvents = YES;
				INFOPLIST_KEY_UILaunchScreen_Generation = YES;
				INFOPLIST_KEY_UISupportedInterfaceOrientations_iPad = "UIInterfaceOrientationPortrait UIInterfaceOrientationPortraitUpsideDown UIInterfaceOrientationLandscapeLeft UIInterfaceOrientationLandscapeRight";
				INFOPLIST_KEY_UISupportedInterfaceOrientations_iPhone = "UIInterfaceOrientationPortrait UIInterfaceOrientationLandscapeLeft UIInterfaceOrientationLandscapeRight";
				LD_RUNPATH_SEARCH_PATHS = (
					"$(inherited)",
					"@executable_path/Frameworks",
				);
				MARKETING_VERSION = 1.0;
				PRODUCT_BUNDLE_IDENTIFIER = "ca.troyparsons.We-Go-Gym";
				PRODUCT_NAME = "$(TARGET_NAME)";
				SWIFT_EMIT_LOC_STRINGS = YES;
				SWIFT_VERSION = 5.0;
				TARGETED_DEVICE_FAMILY = "1,2";
			};
			name = Release;
		};
		C6B23EC92B56F32600455560 /* Debug */ = {
			isa = XCBuildConfiguration;
			buildSettings = {
				ALWAYS_EMBED_SWIFT_STANDARD_LIBRARIES = YES;
				BUNDLE_LOADER = "$(TEST_HOST)";
				CODE_SIGN_STYLE = Automatic;
				CURRENT_PROJECT_VERSION = 1;
				GENERATE_INFOPLIST_FILE = YES;
				IPHONEOS_DEPLOYMENT_TARGET = 17.2;
				MARKETING_VERSION = 1.0;
				PRODUCT_BUNDLE_IDENTIFIER = "ca.troyparsons.We-Go-GymTests";
				PRODUCT_NAME = "$(TARGET_NAME)";
				SWIFT_EMIT_LOC_STRINGS = NO;
				SWIFT_VERSION = 5.0;
				TARGETED_DEVICE_FAMILY = "1,2";
				TEST_HOST = "$(BUILT_PRODUCTS_DIR)/We Go Gym.app/$(BUNDLE_EXECUTABLE_FOLDER_PATH)/We Go Gym";
			};
			name = Debug;
		};
		C6B23ECA2B56F32600455560 /* Release */ = {
			isa = XCBuildConfiguration;
			buildSettings = {
				ALWAYS_EMBED_SWIFT_STANDARD_LIBRARIES = YES;
				BUNDLE_LOADER = "$(TEST_HOST)";
				CODE_SIGN_STYLE = Automatic;
				CURRENT_PROJECT_VERSION = 1;
				GENERATE_INFOPLIST_FILE = YES;
				IPHONEOS_DEPLOYMENT_TARGET = 17.2;
				MARKETING_VERSION = 1.0;
				PRODUCT_BUNDLE_IDENTIFIER = "ca.troyparsons.We-Go-GymTests";
				PRODUCT_NAME = "$(TARGET_NAME)";
				SWIFT_EMIT_LOC_STRINGS = NO;
				SWIFT_VERSION = 5.0;
				TARGETED_DEVICE_FAMILY = "1,2";
				TEST_HOST = "$(BUILT_PRODUCTS_DIR)/We Go Gym.app/$(BUNDLE_EXECUTABLE_FOLDER_PATH)/We Go Gym";
			};
			name = Release;
		};
		C6B23ECC2B56F32600455560 /* Debug */ = {
			isa = XCBuildConfiguration;
			buildSettings = {
				ALWAYS_EMBED_SWIFT_STANDARD_LIBRARIES = YES;
				CODE_SIGN_STYLE = Automatic;
				CURRENT_PROJECT_VERSION = 1;
				GENERATE_INFOPLIST_FILE = YES;
				MARKETING_VERSION = 1.0;
				PRODUCT_BUNDLE_IDENTIFIER = "ca.troyparsons.We-Go-GymUITests";
				PRODUCT_NAME = "$(TARGET_NAME)";
				SWIFT_EMIT_LOC_STRINGS = NO;
				SWIFT_VERSION = 5.0;
				TARGETED_DEVICE_FAMILY = "1,2";
				TEST_TARGET_NAME = "We Go Gym";
			};
			name = Debug;
		};
		C6B23ECD2B56F32600455560 /* Release */ = {
			isa = XCBuildConfiguration;
			buildSettings = {
				ALWAYS_EMBED_SWIFT_STANDARD_LIBRARIES = YES;
				CODE_SIGN_STYLE = Automatic;
				CURRENT_PROJECT_VERSION = 1;
				GENERATE_INFOPLIST_FILE = YES;
				MARKETING_VERSION = 1.0;
				PRODUCT_BUNDLE_IDENTIFIER = "ca.troyparsons.We-Go-GymUITests";
				PRODUCT_NAME = "$(TARGET_NAME)";
				SWIFT_EMIT_LOC_STRINGS = NO;
				SWIFT_VERSION = 5.0;
				TARGETED_DEVICE_FAMILY = "1,2";
				TEST_TARGET_NAME = "We Go Gym";
			};
			name = Release;
		};
/* End XCBuildConfiguration section */

/* Begin XCConfigurationList section */
		C6B23E9C2B56F32500455560 /* Build configuration list for PBXProject "We Go Gym" */ = {
			isa = XCConfigurationList;
			buildConfigurations = (
				C6B23EC32B56F32600455560 /* Debug */,
				C6B23EC42B56F32600455560 /* Release */,
			);
			defaultConfigurationIsVisible = 0;
			defaultConfigurationName = Release;
		};
		C6B23EC52B56F32600455560 /* Build configuration list for PBXNativeTarget "We Go Gym" */ = {
			isa = XCConfigurationList;
			buildConfigurations = (
				C6B23EC62B56F32600455560 /* Debug */,
				C6B23EC72B56F32600455560 /* Release */,
			);
			defaultConfigurationIsVisible = 0;
			defaultConfigurationName = Release;
		};
		C6B23EC82B56F32600455560 /* Build configuration list for PBXNativeTarget "We Go GymTests" */ = {
			isa = XCConfigurationList;
			buildConfigurations = (
				C6B23EC92B56F32600455560 /* Debug */,
				C6B23ECA2B56F32600455560 /* Release */,
			);
			defaultConfigurationIsVisible = 0;
			defaultConfigurationName = Release;
		};
		C6B23ECB2B56F32600455560 /* Build configuration list for PBXNativeTarget "We Go GymUITests" */ = {
			isa = XCConfigurationList;
			buildConfigurations = (
				C6B23ECC2B56F32600455560 /* Debug */,
				C6B23ECD2B56F32600455560 /* Release */,
			);
			defaultConfigurationIsVisible = 0;
			defaultConfigurationName = Release;
		};
/* End XCConfigurationList section */
	};
	rootObject = C6B23E992B56F32500455560 /* Project object */;
}
